
Microsoft Visual Studio Solution File, Format Version 12.00
# Visual Studio Version 16
VisualStudioVersion = 16.0.30621.155
MinimumVisualStudioVersion = 10.0.40219.1
Project("{FAE04EC0-301F-11D3-BF4B-00C04F79EFBC}") = "Client", "Client\Client.csproj", "{015AE89C-9E3D-442D-BFC1-36A4BAA3F7CA}"
EndProject
Project("{FAE04EC0-301F-11D3-BF4B-00C04F79EFBC}") = "Server", "Server\Server.csproj", "{09AE7E72-8F9D-46F4-A9D8-9FDAC8B36CD1}"
EndProject
Project("{FAE04EC0-301F-11D3-BF4B-00C04F79EFBC}") = "Shared", "Shared\Shared.csproj", "{A8C75D64-362C-47B8-9750-3168C092A8CD}"
EndProject
Global
	GlobalSection(SolutionConfigurationPlatforms) = preSolution
		Debug|Any CPU = Debug|Any CPU
		Release|Any CPU = Release|Any CPU
	EndGlobalSection
	GlobalSection(ProjectConfigurationPlatforms) = postSolution
		{015AE89C-9E3D-442D-BFC1-36A4BAA3F7CA}.Debug|Any CPU.ActiveCfg = Debug|Any CPU
		{015AE89C-9E3D-442D-BFC1-36A4BAA3F7CA}.Debug|Any CPU.Build.0 = Debug|Any CPU
		{015AE89C-9E3D-442D-BFC1-36A4BAA3F7CA}.Release|Any CPU.ActiveCfg = Release|Any CPU
		{015AE89C-9E3D-442D-BFC1-36A4BAA3F7CA}.Release|Any CPU.Build.0 = Release|Any CPU
		{09AE7E72-8F9D-46F4-A9D8-9FDAC8B36CD1}.Debug|Any CPU.ActiveCfg = Debug|Any CPU
		{09AE7E72-8F9D-46F4-A9D8-9FDAC8B36CD1}.Debug|Any CPU.Build.0 = Debug|Any CPU
		{09AE7E72-8F9D-46F4-A9D8-9FDAC8B36CD1}.Release|Any CPU.ActiveCfg = Release|Any CPU
		{09AE7E72-8F9D-46F4-A9D8-9FDAC8B36CD1}.Release|Any CPU.Build.0 = Release|Any CPU
		{A8C75D64-362C-47B8-9750-3168C092A8CD}.Debug|Any CPU.ActiveCfg = Debug|Any CPU
		{A8C75D64-362C-47B8-9750-3168C092A8CD}.Debug|Any CPU.Build.0 = Debug|Any CPU
		{A8C75D64-362C-47B8-9750-3168C092A8CD}.Release|Any CPU.ActiveCfg = Release|Any CPU
		{A8C75D64-362C-47B8-9750-3168C092A8CD}.Release|Any CPU.Build.0 = Release|Any CPU
	EndGlobalSection
	GlobalSection(SolutionProperties) = preSolution
		HideSolutionNode = FALSE
	EndGlobalSection
	GlobalSection(ExtensibilityGlobals) = postSolution
		SolutionGuid = {56D4757F-50A4-4C1A-B6DA-CDBAE39390D9}
	EndGlobalSection
EndGlobal
